Microsoft Visual Studio Solution File, Format Version 12.00
# Visual Studio Version 16
VisualStudioVersion = 16.0.29519.181
MinimumVisualStudioVersion = 10.0.40219.1
Project("{9A19103F-16F7-4668-BE54-9A1E7A4F7556}") = "11.1", "11.1.csproj", "{E938CA26-30CC-4BEC-978B-5CB3C27B8EA7}"
EndProject
Project("{FAE04EC0-301F-11D3-BF4B-00C04F79EFBC}") = "11.2", "..\11.2\11.2.csproj", "{1F41795B-1155-4F2F-AFBD-A5BFC46397AF}"
EndProject
Global
	GlobalSection(SolutionConfigurationPlatforms) = preSolution
		Debug|Any CPU = Debug|Any CPU
		Release|Any CPU = Release|Any CPU
	EndGlobalSection
	GlobalSection(ProjectConfigurationPlatforms) = postSolution
		{E938CA26-30CC-4BEC-978B-5CB3C27B8EA7}.Debug|Any CPU.ActiveCfg = Debug|Any CPU
		{E938CA26-30CC-4BEC-978B-5CB3C27B8EA7}.Debug|Any CPU.Build.0 = Debug|Any CPU
		{E938CA26-30CC-4BEC-978B-5CB3C27B8EA7}.Release|Any CPU.ActiveCfg = Release|Any CPU
		{E938CA26-30CC-4BEC-978B-5CB3C27B8EA7}.Release|Any CPU.Build.0 = Release|Any CPU
		{1F41795B-1155-4F2F-AFBD-A5BFC46397AF}.Debug|Any CPU.ActiveCfg = Debug|Any CPU
		{1F41795B-1155-4F2F-AFBD-A5BFC46397AF}.Debug|Any CPU.Build.0 = Debug|Any CPU
		{1F41795B-1155-4F2F-AFBD-A5BFC46397AF}.Release|Any CPU.ActiveCfg = Release|Any CPU
		{1F41795B-1155-4F2F-AFBD-A5BFC46397AF}.Release|Any CPU.Build.0 = Release|Any CPU
	EndGlobalSection
	GlobalSection(SolutionProperties) = preSolution
		HideSolutionNode = FALSE
	EndGlobalSection
	GlobalSection(ExtensibilityGlobals) = postSolution
		SolutionGuid = {6ACDD8B7-E9CE-4A7E-90D2-F020DC1B7197}
	EndGlobalSection
EndGlobal
